PODS:
  - Alamofire (5.1.0)
  - FTIndicator (1.2.9):
    - FTIndicator/FTNotificationIndicator (= 1.2.9)
    - FTIndicator/FTProgressIndicator (= 1.2.9)
    - FTIndicator/FTToastIndicator (= 1.2.9)
  - FTIndicator/FTNotificationIndicator (1.2.9)
  - FTIndicator/FTProgressIndicator (1.2.9)
  - FTIndicator/FTToastIndicator (1.2.9)
  - KeychainAccess (4.1.0)
  - Moya (14.0.0):
    - Moya/Core (= 14.0.0)
  - Moya/Core (14.0.0):
    - Alamofire (~> 5.0)
  - Moya/RxSwift (14.0.0):
    - Moya/Core
    - RxSwift (~> 5.0)
  - R.swift (5.1.0):
    - R.swift.Library (~> 5.1.0)
  - R.swift.Library (5.1.0)
  - RxSwift (5.0.1)
  - Swinject (2.7.1)

DEPENDENCIES:
  - FTIndicator
  - KeychainAccess
  - Moya
  - Moya/RxSwift
  - R.swift
  - RxSwift
  - Swinject

SPEC REPOS:
  trunk:
    - Alamofire
    - FTIndicator
    - KeychainAccess
    - Moya
    - R.swift
    - R.swift.Library
    - RxSwift
    - Swinject

SPEC CHECKSUMS:
  Alamofire: 9d5c5f602928e512395b30950c5984eca840093c
  FTIndicator: f7f071fd159e5befa1d040a9ef2e3ab53fa9322c
  KeychainAccess: 445e28864fe6d3458b41fa211bcdc39890e8bd5a
  Moya: 5b45dacb75adb009f97fde91c204c1e565d31916
  R.swift: 8cbc4fc69b740305b6a17c8a8ed968eb788962d9
  R.swift.Library: fa85ce1e0d0b7e818cd9e080df910ba54d2776cc
  RxSwift: e2dc62b366a3adf6a0be44ba9f405efd4c94e0c4
  Swinject: ddf78b8486dd9b71a667b852cad919ab4484478e

PODFILE CHECKSUM: ce828f8e90d2b8d065cddd9628e01bca39e17891

COCOAPODS: 1.9.1
